
Microsoft Visual Studio Solution File, Format Version 12.00
# Visual Studio Version 17
VisualStudioVersion = 17.2.32516.85
MinimumVisualStudioVersion = 10.0.40219.1
Project("{9A19103F-16F7-4668-BE54-9A1E7A4F7556}") = "BookWormWeb", "BookWormWeb\BookWormWeb.csproj", "{84C31CA2-5E3B-4A06-A1DD-C8EF7FFA91F2}"
EndProject
Project("{9A19103F-16F7-4668-BE54-9A1E7A4F7556}") = "BookWorm.DataAccess", "BookWorm.DataAccess\BookWorm.DataAccess.csproj", "{6BC7A5B6-47D2-4FB0-BCAE-B3DF907DD875}"
EndProject
Project("{9A19103F-16F7-4668-BE54-9A1E7A4F7556}") = "BookWorm.Models", "BookWorm.Models\BookWorm.Models.csproj", "{251E1F8A-FA04-4C86-BE67-2D5ACE4583FE}"
EndProject
Project("{9A19103F-16F7-4668-BE54-9A1E7A4F7556}") = "BookWorm.Utility", "BookWorm.Utility\BookWorm.Utility.csproj", "{9CD060CF-4030-496A-AE19-C42A125E4D9D}"
EndProject
Project("{2150E333-8FDC-42A3-9474-1A3956D46DE8}") = "Solution Items", "Solution Items", "{E89D9775-92A5-4164-86A0-793A18652680}"
EndProject
Global
	GlobalSection(SolutionConfigurationPlatforms) = preSolution
		Debug|Any CPU = Debug|Any CPU
		Release|Any CPU = Release|Any CPU
	EndGlobalSection
	GlobalSection(ProjectConfigurationPlatforms) = postSolution
		{84C31CA2-5E3B-4A06-A1DD-C8EF7FFA91F2}.Debug|Any CPU.ActiveCfg = Debug|Any CPU
		{84C31CA2-5E3B-4A06-A1DD-C8EF7FFA91F2}.Debug|Any CPU.Build.0 = Debug|Any CPU
		{84C31CA2-5E3B-4A06-A1DD-C8EF7FFA91F2}.Release|Any CPU.ActiveCfg = Release|Any CPU
		{84C31CA2-5E3B-4A06-A1DD-C8EF7FFA91F2}.Release|Any CPU.Build.0 = Release|Any CPU
		{6BC7A5B6-47D2-4FB0-BCAE-B3DF907DD875}.Debug|Any CPU.ActiveCfg = Debug|Any CPU
		{6BC7A5B6-47D2-4FB0-BCAE-B3DF907DD875}.Debug|Any CPU.Build.0 = Debug|Any CPU
		{6BC7A5B6-47D2-4FB0-BCAE-B3DF907DD875}.Release|Any CPU.ActiveCfg = Release|Any CPU
		{6BC7A5B6-47D2-4FB0-BCAE-B3DF907DD875}.Release|Any CPU.Build.0 = Release|Any CPU
		{251E1F8A-FA04-4C86-BE67-2D5ACE4583FE}.Debug|Any CPU.ActiveCfg = Debug|Any CPU
		{251E1F8A-FA04-4C86-BE67-2D5ACE4583FE}.Debug|Any CPU.Build.0 = Debug|Any CPU
		{251E1F8A-FA04-4C86-BE67-2D5ACE4583FE}.Release|Any CPU.ActiveCfg = Release|Any CPU
		{251E1F8A-FA04-4C86-BE67-2D5ACE4583FE}.Release|Any CPU.Build.0 = Release|Any CPU
		{9CD060CF-4030-496A-AE19-C42A125E4D9D}.Debug|Any CPU.ActiveCfg = Debug|Any CPU
		{9CD060CF-4030-496A-AE19-C42A125E4D9D}.Debug|Any CPU.Build.0 = Debug|Any CPU
		{9CD060CF-4030-496A-AE19-C42A125E4D9D}.Release|Any CPU.ActiveCfg = Release|Any CPU
		{9CD060CF-4030-496A-AE19-C42A125E4D9D}.Release|Any CPU.Build.0 = Release|Any CPU
	EndGlobalSection
	GlobalSection(SolutionProperties) = preSolution
		HideSolutionNode = FALSE
	EndGlobalSection
	GlobalSection(ExtensibilityGlobals) = postSolution
		SolutionGuid = {FA266527-61B4-44D2-AFE5-2F77F0AF31A4}
	EndGlobalSection
EndGlobal
